
Microsoft Visual Studio Solution File, Format Version 12.00
# Visual Studio 14
VisualStudioVersion = 14.0.25420.1
MinimumVisualStudioVersion = 10.0.40219.1
Project("{FAE04EC0-301F-11D3-BF4B-00C04F79EFBC}") = "BG_L2_120", "BG_L2_120\BG_L2_120.csproj", "{9849AE6A-AF02-484B-BCE5-0FFD3CF6CAFB}"
	ProjectSection(ProjectDependencies) = postProject
		{F33CB64B-4670-47F3-AA10-280B5FF6B261} = {F33CB64B-4670-47F3-AA10-280B5FF6B261}
	EndProjectSection
EndProject
Project("{FAE04EC0-301F-11D3-BF4B-00C04F79EFBC}") = "BGsystemLibrary", "BGsystemLibrary\BGsystemLibrary.csproj", "{18B64EE6-789D-4880-9ABB-85C738062DBA}"
EndProject
Project("{FAE04EC0-301F-11D3-BF4B-00C04F79EFBC}") = "ComLib", "ComLib\ComLib.csproj", "{F33CB64B-4670-47F3-AA10-280B5FF6B261}"
EndProject
Project("{00D1A9C2-B5F0-4AF3-8072-F6C62B433612}") = "BLOOM120", "BLOOM120\BLOOM120.sqlproj", "{236C79CC-7F41-4FA1-9016-0516FE59105B}"
EndProject
Global
	GlobalSection(SolutionConfigurationPlatforms) = preSolution
		Debug|Any CPU = Debug|Any CPU
		Release|Any CPU = Release|Any CPU
	EndGlobalSection
	GlobalSection(ProjectConfigurationPlatforms) = postSolution
		{9849AE6A-AF02-484B-BCE5-0FFD3CF6CAFB}.Debug|Any CPU.ActiveCfg = Debug|Any CPU
		{9849AE6A-AF02-484B-BCE5-0FFD3CF6CAFB}.Debug|Any CPU.Build.0 = Debug|Any CPU
		{9849AE6A-AF02-484B-BCE5-0FFD3CF6CAFB}.Release|Any CPU.ActiveCfg = Release|Any CPU
		{9849AE6A-AF02-484B-BCE5-0FFD3CF6CAFB}.Release|Any CPU.Build.0 = Release|Any CPU
		{18B64EE6-789D-4880-9ABB-85C738062DBA}.Debug|Any CPU.ActiveCfg = Debug|Any CPU
		{18B64EE6-789D-4880-9ABB-85C738062DBA}.Debug|Any CPU.Build.0 = Debug|Any CPU
		{18B64EE6-789D-4880-9ABB-85C738062DBA}.Release|Any CPU.ActiveCfg = Release|Any CPU
		{18B64EE6-789D-4880-9ABB-85C738062DBA}.Release|Any CPU.Build.0 = Release|Any CPU
		{F33CB64B-4670-47F3-AA10-280B5FF6B261}.Debug|Any CPU.ActiveCfg = Debug|Any CPU
		{F33CB64B-4670-47F3-AA10-280B5FF6B261}.Debug|Any CPU.Build.0 = Debug|Any CPU
		{F33CB64B-4670-47F3-AA10-280B5FF6B261}.Release|Any CPU.ActiveCfg = Release|Any CPU
		{F33CB64B-4670-47F3-AA10-280B5FF6B261}.Release|Any CPU.Build.0 = Release|Any CPU
		{236C79CC-7F41-4FA1-9016-0516FE59105B}.Debug|Any CPU.ActiveCfg = Debug|Any CPU
		{236C79CC-7F41-4FA1-9016-0516FE59105B}.Debug|Any CPU.Build.0 = Debug|Any CPU
		{236C79CC-7F41-4FA1-9016-0516FE59105B}.Release|Any CPU.ActiveCfg = Release|Any CPU
		{236C79CC-7F41-4FA1-9016-0516FE59105B}.Release|Any CPU.Build.0 = Release|Any CPU
		{236C79CC-7F41-4FA1-9016-0516FE59105B}.Release|Any CPU.Deploy.0 = Release|Any CPU
	EndGlobalSection
	GlobalSection(SolutionProperties) = preSolution
		HideSolutionNode = FALSE
	EndGlobalSection
EndGlobal
