
Microsoft Visual Studio Solution File, Format Version 12.00
# Visual Studio 14
VisualStudioVersion = 14.0.25123.0
MinimumVisualStudioVersion = 10.0.40219.1
Project("{FAE04EC0-301F-11D3-BF4B-00C04F79EFBC}") = "RBT_L2", "RBT_L2\RBT_L2.csproj", "{C97FCA0D-2CC1-4E87-984A-6274E15FC974}"
	ProjectSection(ProjectDependencies) = postProject
		{F33CB64B-4670-47F3-AA10-280B5FF6B261} = {F33CB64B-4670-47F3-AA10-280B5FF6B261}
		{1B96F7ED-D703-4A46-B107-32886B2BD4E7} = {1B96F7ED-D703-4A46-B107-32886B2BD4E7}
	EndProjectSection
EndProject
Project("{FAE04EC0-301F-11D3-BF4B-00C04F79EFBC}") = "SystemControlClassLibrary", "SystemControlClassLibrary\SystemControlClassLibrary.csproj", "{1B96F7ED-D703-4A46-B107-32886B2BD4E7}"
	ProjectSection(ProjectDependencies) = postProject
		{F33CB64B-4670-47F3-AA10-280B5FF6B261} = {F33CB64B-4670-47F3-AA10-280B5FF6B261}
	EndProjectSection
EndProject
Project("{FAE04EC0-301F-11D3-BF4B-00C04F79EFBC}") = "ComLib", "ComLib\ComLib.csproj", "{F33CB64B-4670-47F3-AA10-280B5FF6B261}"
EndProject
Global
	GlobalSection(SolutionConfigurationPlatforms) = preSolution
		Debug|Any CPU = Debug|Any CPU
		Release|Any CPU = Release|Any CPU
	EndGlobalSection
	GlobalSection(ProjectConfigurationPlatforms) = postSolution
		{C97FCA0D-2CC1-4E87-984A-6274E15FC974}.Debug|Any CPU.ActiveCfg = Debug|Any CPU
		{C97FCA0D-2CC1-4E87-984A-6274E15FC974}.Debug|Any CPU.Build.0 = Debug|Any CPU
		{C97FCA0D-2CC1-4E87-984A-6274E15FC974}.Release|Any CPU.ActiveCfg = Release|Any CPU
		{C97FCA0D-2CC1-4E87-984A-6274E15FC974}.Release|Any CPU.Build.0 = Release|Any CPU
		{1B96F7ED-D703-4A46-B107-32886B2BD4E7}.Debug|Any CPU.ActiveCfg = Debug|Any CPU
		{1B96F7ED-D703-4A46-B107-32886B2BD4E7}.Debug|Any CPU.Build.0 = Debug|Any CPU
		{1B96F7ED-D703-4A46-B107-32886B2BD4E7}.Release|Any CPU.ActiveCfg = Release|Any CPU
		{1B96F7ED-D703-4A46-B107-32886B2BD4E7}.Release|Any CPU.Build.0 = Release|Any CPU
		{F33CB64B-4670-47F3-AA10-280B5FF6B261}.Debug|Any CPU.ActiveCfg = Debug|Any CPU
		{F33CB64B-4670-47F3-AA10-280B5FF6B261}.Debug|Any CPU.Build.0 = Debug|Any CPU
		{F33CB64B-4670-47F3-AA10-280B5FF6B261}.Release|Any CPU.ActiveCfg = Release|Any CPU
		{F33CB64B-4670-47F3-AA10-280B5FF6B261}.Release|Any CPU.Build.0 = Release|Any CPU
	EndGlobalSection
	GlobalSection(SolutionProperties) = preSolution
		HideSolutionNode = FALSE
	EndGlobalSection
EndGlobal
